
Microsoft Visual Studio Solution File, Format Version 12.00
# Visual Studio Version 17
VisualStudioVersion = 17.11.35303.130
MinimumVisualStudioVersion = 10.0.40219.1
Project("{FAE04EC0-301F-11D3-BF4B-00C04F79EFBC}") = "SangataWeb", "SangataWeb\SangataWeb.csproj", "{1920E98E-CAC3-46BF-BCDE-C20215759238}"
EndProject
Global
	GlobalSection(SolutionConfigurationPlatforms) = preSolution
		Debug|Any CPU = Debug|Any CPU
		Release|Any CPU = Release|Any CPU
	EndGlobalSection
	GlobalSection(ProjectConfigurationPlatforms) = postSolution
		{1920E98E-CAC3-46BF-BCDE-C20215759238}.Debug|Any CPU.ActiveCfg = Debug|Any CPU
		{1920E98E-CAC3-46BF-BCDE-C20215759238}.Debug|Any CPU.Build.0 = Debug|Any CPU
		{1920E98E-CAC3-46BF-BCDE-C20215759238}.Release|Any CPU.ActiveCfg = Release|Any CPU
		{1920E98E-CAC3-46BF-BCDE-C20215759238}.Release|Any CPU.Build.0 = Release|Any CPU
	EndGlobalSection
	GlobalSection(SolutionProperties) = preSolution
		HideSolutionNode = FALSE
	EndGlobalSection
	GlobalSection(ExtensibilityGlobals) = postSolution
		SolutionGuid = {67E77E10-752E-4DFD-8D68-A53286DD743B}
	EndGlobalSection
EndGlobal
